dependencies:
  idf:
    source:
      type: idf
    version: 5.5.5
  joltwallet/littlefs:
    component_hash: 3af20a3d75c49db9dc2286fd50862c34055c9f578419ad1f2bf7ed3ed01391fe
    dependencies:
    - name: idf
      require: private
      version: '>=5.0'
    source:
      registry_url: https://components.espressif.com/
      type: service
    version: 1.22.3
direct_dependencies:
- idf
- joltwallet/littlefs
manifest_hash: 4e06647ca5ac30d739f788e18ccee6369a45aa422b709aabff064e123d15ca1f
target: esp32c3
version: 2.0.0
